# THIS IS AN AUTOGENERATED FILE. DO NOT EDIT THIS FILE DIRECTLY.
# yarn lockfile v1


"@types/node@^17.0.21":
  version "17.0.21"
  resolved "https://registry.yarnpkg.com/@types/node/-/node-17.0.21.tgz#864b987c0c68d07b4345845c3e63b75edd143644"
  integrity sha512-DBZCJbhII3r90XbQxI8Y9IjjiiOGlZ0Hr32omXIZvwwZ7p4DMMXGrKXVyPfuoBOri9XNtL0UK69jYIBIsRX3QQ==

"@wry/trie@0.3.2":
  version "0.3.2"
  resolved "https://registry.yarnpkg.com/@wry/trie/-/trie-0.3.2.tgz#a06f235dc184bd26396ba456711f69f8c35097e6"
  integrity sha512-yRTyhWSls2OY/pYLfwff867r8ekooZ4UI+/gxot5Wj8EFwSf2rG+n+Mo/6LoLQm1TKA4GRj2+LCpbfS937dClQ==
  dependencies:
    tslib "^2.3.0"

tslib@^2.3.0:
  version "2.4.0"
  resolved "https://registry.yarnpkg.com/tslib/-/tslib-2.4.0.tgz#7cecaa7f073ce680a05847aa77be941098f36dc3"
  integrity sha512-d6xOpEDfsi2CZVlPQzGeux8XMwLT9hssAsaPYExaQMuYskwb+x1x7J371tWlbBdWHroy99KnVB6qIkUbs5X3UQ==
